
Microsoft Visual Studio Solution File, Format Version 12.00
# Visual Studio Version 17
VisualStudioVersion = 17.2.32526.322
MinimumVisualStudioVersion = 10.0.40219.1
Project("{FAE04EC0-301F-11D3-BF4B-00C04F79EFBC}") = "Starfield", "Starfield\Starfield.csproj", "{36251DA3-53D3-4522-B111-B4E013B8CFC7}"
EndProject
Global
	GlobalSection(SolutionConfigurationPlatforms) = preSolution
		Debug|Any CPU = Debug|Any CPU
		Release|Any CPU = Release|Any CPU
	EndGlobalSection
	GlobalSection(ProjectConfigurationPlatforms) = postSolution
		{36251DA3-53D3-4522-B111-B4E013B8CFC7}.Debug|Any CPU.ActiveCfg = Release|Any CPU
		{36251DA3-53D3-4522-B111-B4E013B8CFC7}.Debug|Any CPU.Build.0 = Release|Any CPU
		{36251DA3-53D3-4522-B111-B4E013B8CFC7}.Release|Any CPU.ActiveCfg = Release|Any CPU
		{36251DA3-53D3-4522-B111-B4E013B8CFC7}.Release|Any CPU.Build.0 = Release|Any CPU
	EndGlobalSection
	GlobalSection(SolutionProperties) = preSolution
		HideSolutionNode = FALSE
	EndGlobalSection
	GlobalSection(ExtensibilityGlobals) = postSolution
		SolutionGuid = {6E1F42DE-321C-4A6E-ACDA-B231F454C3DD}
	EndGlobalSection
EndGlobal
